
Microsoft Visual Studio Solution File, Format Version 12.00
# Visual Studio 14
VisualStudioVersion = 14.0.25123.0
MinimumVisualStudioVersion = 10.0.40219.1
Project("{FAE04EC0-301F-11D3-BF4B-00C04F79EFBC}") = "Wox.Plugin.CryptoHash", "Wox.Plugin.CryptoHash\Wox.Plugin.CryptoHash.csproj", "{A91C5FE3-944A-4F25-B617-6D4C6DF4E0B9}"
EndProject
Global
	GlobalSection(SolutionConfigurationPlatforms) = preSolution
		Debug|Any CPU = Debug|Any CPU
		Release|Any CPU = Release|Any CPU
	EndGlobalSection
	GlobalSection(ProjectConfigurationPlatforms) = postSolution
		{A91C5FE3-944A-4F25-B617-6D4C6DF4E0B9}.Debug|Any CPU.ActiveCfg = Debug|Any CPU
		{A91C5FE3-944A-4F25-B617-6D4C6DF4E0B9}.Debug|Any CPU.Build.0 = Debug|Any CPU
		{A91C5FE3-944A-4F25-B617-6D4C6DF4E0B9}.Release|Any CPU.ActiveCfg = Release|Any CPU
		{A91C5FE3-944A-4F25-B617-6D4C6DF4E0B9}.Release|Any CPU.Build.0 = Release|Any CPU
	EndGlobalSection
	GlobalSection(SolutionProperties) = preSolution
		HideSolutionNode = FALSE
	EndGlobalSection
EndGlobal
